github.com/aws/aws-sdk-go-v2 v1.27.1 h1:xypCL2owhog46iFxBKKpBcw+bPTX/RJzwNj8uSilENw=
github.com/aws/aws-sdk-go-v2 v1.27.1/go.mod h1:ffIFB97e2yNsv4aTSGkqtHnppsIJzw7G7BReUZ3jCXM=
github.com/aws/aws-sdk-go-v2/aws/protocol/eventstream v1.6.2 h1:x6xsQXGSmW6frevwDA+vi/wqhp1ct18mVXYN08/93to=
github.com/aws/aws-sdk-go-v2/aws/protocol/eventstream v1.6.2/go.mod h1:lPprDr1e6cJdyYeGXnRaJoP4Md+cDBvi2eOj00BlGmg=
github.com/aws/aws-sdk-go-v2/config v1.27.4 h1:AhfWb5ZwimdsYTgP7Od8E9L1u4sKmDW2ZVeLcf2O42M=
github.com/aws/aws-sdk-go-v2/config v1.27.4/go.mod h1:zq2FFXK3A416kiukwpsd+rD4ny6JC7QSkp4QdN1Mp2g=
github.com/aws/aws-sdk-go-v2/credentials v1.17.4 h1:h5Vztbd8qLppiPwX+y0Q6WiwMZgpd9keKe2EAENgAuI=
github.com/aws/aws-sdk-go-v2/credentials v1.17.4/go.mod h1:+30tpwrkOgvkJL1rUZuRLoxcJwtI/OkeBLYnHxJtVe0=
github.com/aws/aws-sdk-go-v2/feature/ec2/imds v1.15.2 h1:AK0J8iYBFeUk2Ax7O8YpLtFsfhdOByh2QIkHmigpRYk=
github.com/aws/aws-sdk-go-v2/feature/ec2/imds v1.15.2/go.mod h1:iRlGzMix0SExQEviAyptRWRGdYNo3+ufW/lCzvKVTUc=
github.com/aws/aws-sdk-go-v2/internal/configsources v1.3.8 h1:RnLB7p6aaFMRfyQkD6ckxR7myCC9SABIqSz4czYUUbU=
github.com/aws/aws-sdk-go-v2/internal/configsources v1.3.8/go.mod h1:XH7dQJd+56wEbP1I4e4Duo+QhSMxNArE8VP7NuUOTeM=
github.com/aws/aws-sdk-go-v2/internal/endpoints/v2 v2.6.8 h1:jzApk2f58L9yW9q1GEab3BMMFWUkkiZhyrRUtbwUbKU=
github.com/aws/aws-sdk-go-v2/internal/endpoints/v2 v2.6.8/go.mod h1:WqO+FftfO3tGePUtQxPXM6iODVfqMwsVMgTbG/ZXIdQ=
github.com/aws/aws-sdk-go-v2/internal/ini v1.8.0 h1:hT8rVHwugYE2lEfdFE0QWVo81lF7jMrYJVDWI+f+VxU=
github.com/aws/aws-sdk-go-v2/internal/ini v1.8.0/go.mod h1:8tu/lYfQfFe6IGnaOdrpVgEL2IrrDOf6/m9RQum4NkY=
github.com/aws/aws-sdk-go-v2/service/bedrockruntime v1.9.0 h1:AO2zOgrtLjAaVaqVCafhAi5gmETwkvksc7ql+Y7nVGs=
github.com/aws/aws-sdk-go-v2/service/bedrockruntime v1.9.0/go.mod h1:opvUj3ismqSCxYc+m4WIjPL0ewZGtvp0ess7cKvBPOQ=
github.com/aws/aws-sdk-go-v2/service/internal/accept-encoding v1.11.1 h1:EyBZibRTVAs6ECHZOw5/wlylS9OcTzwyjeQMudmREjE=
github.com/aws/aws-sdk-go-v2/service/internal/accept-encoding v1.11.1/go.mod h1:JKpmtYhhPs7D97NL/ltqz7yCkERFW5dOlHyVl66ZYF8=
github.com/aws/aws-sdk-go-v2/service/internal/presigned-url v1.11.2 h1:5ffmXjPtwRExp1zc7gENLgCPyHFbhEPwVTkTiH9niSk=
github.com/aws/aws-sdk-go-v2/service/internal/presigned-url v1.11.2/go.mod h1:Ru7vg1iQ7cR4i7SZ/JTLYN9kaXtbL69UdgG0OQWQxW0=
github.com/aws/aws-sdk-go-v2/service/sso v1.20.1 h1:utEGkfdQ4L6YW/ietH7111ZYglLJvS+sLriHJ1NBJEQ=
github.com/aws/aws-sdk-go-v2/service/sso v1.20.1/go.mod h1:RsYqzYr2F2oPDdpy+PdhephuZxTfjHQe7SOBcZGoAU8=
github.com/aws/aws-sdk-go-v2/service/ssooidc v1.23.1 h1:9/GylMS45hGGFCcMrUZDVayQE1jYSIN6da9jo7RAYIw=
github.com/aws/aws-sdk-go-v2/service/ssooidc v1.23.1/go.mod h1:YjAPFn4kGFqKC54VsHs5fn5B6d+PCY2tziEa3U/GB5Y=
github.com/aws/aws-sdk-go-v2/service/sts v1.28.1 h1:3I2cBEYgKhrWlwyZgfpSO2BpaMY1LHPqXYk/QGlu2ew=
github.com/aws/aws-sdk-go-v2/service/sts v1.28.1/go.mod h1:uQ7YYKZt3adCRrdCBREm1CD3efFLOUNH77MrUCvx5oA=
github.com/aws/smithy-go v1.20.2 h1:tbp628ireGtzcHDDmLT/6ADHidqnwgF57XOXZe6tp4Q=
github.com/aws/smithy-go v1.20.2/go.mod h1:krry+ya/rV9RDcV/Q16kpu6ypI4K2czasz0NC3qS14E=
github.com/google/go-cmp v0.6.0 h1:ofyhxvXcZhMsU5ulbFiLKl/XBFqE1GSq7atu8tAmTRI=
github.com/google/go-cmp v0.6.0/go.mod h1:17dUlkBOakJ0+DkrSSNjCkIjxS6bF9zb3elmeNGIjoY=
